
Microsoft Visual Studio Solution File, Format Version 12.00
# Visual Studio Version 17
VisualStudioVersion = 17.3.32825.248
MinimumVisualStudioVersion = 10.0.40219.1
Project("{FAE04EC0-301F-11D3-BF4B-00C04F79EFBC}") = "Triangle Calculator", "Triangle Calculator.csproj", "{F8F9A721-DF82-4837-9BDE-772484F929BC}"
EndProject
Global
	GlobalSection(SolutionConfigurationPlatforms) = preSolution
		Debug|Any CPU = Debug|Any CPU
		Release|Any CPU = Release|Any CPU
	EndGlobalSection
	GlobalSection(ProjectConfigurationPlatforms) = postSolution
		{F8F9A721-DF82-4837-9BDE-772484F929BC}.Debug|Any CPU.ActiveCfg = Debug|Any CPU
		{F8F9A721-DF82-4837-9BDE-772484F929BC}.Debug|Any CPU.Build.0 = Debug|Any CPU
		{F8F9A721-DF82-4837-9BDE-772484F929BC}.Release|Any CPU.ActiveCfg = Release|Any CPU
		{F8F9A721-DF82-4837-9BDE-772484F929BC}.Release|Any CPU.Build.0 = Release|Any CPU
	EndGlobalSection
	GlobalSection(SolutionProperties) = preSolution
		HideSolutionNode = FALSE
	EndGlobalSection
	GlobalSection(ExtensibilityGlobals) = postSolution
		SolutionGuid = {363EECA7-D20B-4378-B353-CCBD7EF64382}
	EndGlobalSection
EndGlobal
