
Microsoft Visual Studio Solution File, Format Version 12.00
# Visual Studio Version 17
VisualStudioVersion = 17.4.33110.190
MinimumVisualStudioVersion = 10.0.40219.1
Project("{FAE04EC0-301F-11D3-BF4B-00C04F79EFBC}") = "rockPaperScissors", "rockPaperScissors.csproj", "{234CAA42-7D6D-4A7A-A4E7-366A20D63043}"
EndProject
Global
	GlobalSection(SolutionConfigurationPlatforms) = preSolution
		Debug|Any CPU = Debug|Any CPU
		Release|Any CPU = Release|Any CPU
	EndGlobalSection
	GlobalSection(ProjectConfigurationPlatforms) = postSolution
		{234CAA42-7D6D-4A7A-A4E7-366A20D63043}.Debug|Any CPU.ActiveCfg = Debug|Any CPU
		{234CAA42-7D6D-4A7A-A4E7-366A20D63043}.Debug|Any CPU.Build.0 = Debug|Any CPU
		{234CAA42-7D6D-4A7A-A4E7-366A20D63043}.Release|Any CPU.ActiveCfg = Release|Any CPU
		{234CAA42-7D6D-4A7A-A4E7-366A20D63043}.Release|Any CPU.Build.0 = Release|Any CPU
	EndGlobalSection
	GlobalSection(SolutionProperties) = preSolution
		HideSolutionNode = FALSE
	EndGlobalSection
	GlobalSection(ExtensibilityGlobals) = postSolution
		SolutionGuid = {30849EF4-9112-48F8-8A72-DD4405AEC8BA}
	EndGlobalSection
EndGlobal
