
Microsoft Visual Studio Solution File, Format Version 12.00
# Visual Studio Version 17
VisualStudioVersion = 17.4.33110.190
MinimumVisualStudioVersion = 10.0.40219.1
Project("{FAE04EC0-301F-11D3-BF4B-00C04F79EFBC}") = "Arrays2D", "Arrays2D.csproj", "{1B703754-E2C0-453E-A254-B2E58F445726}"
EndProject
Global
	GlobalSection(SolutionConfigurationPlatforms) = preSolution
		Debug|Any CPU = Debug|Any CPU
		Release|Any CPU = Release|Any CPU
	EndGlobalSection
	GlobalSection(ProjectConfigurationPlatforms) = postSolution
		{1B703754-E2C0-453E-A254-B2E58F445726}.Debug|Any CPU.ActiveCfg = Debug|Any CPU
		{1B703754-E2C0-453E-A254-B2E58F445726}.Debug|Any CPU.Build.0 = Debug|Any CPU
		{1B703754-E2C0-453E-A254-B2E58F445726}.Release|Any CPU.ActiveCfg = Release|Any CPU
		{1B703754-E2C0-453E-A254-B2E58F445726}.Release|Any CPU.Build.0 = Release|Any CPU
	EndGlobalSection
	GlobalSection(SolutionProperties) = preSolution
		HideSolutionNode = FALSE
	EndGlobalSection
	GlobalSection(ExtensibilityGlobals) = postSolution
		SolutionGuid = {5711A7F1-406A-429C-B63C-0697CF708978}
	EndGlobalSection
EndGlobal
